
Microsoft Visual Studio Solution File, Format Version 12.00
# Visual Studio 14
VisualStudioVersion = 14.0.24720.0
MinimumVisualStudioVersion = 10.0.40219.1
Project("{FAE04EC0-301F-11D3-BF4B-00C04F79EFBC}") = "GeneX.Security", "GeneX.Security\GeneX.Security.csproj", "{7E364229-0EED-4873-8BA8-963F18A280FD}"
EndProject
Project("{FAE04EC0-301F-11D3-BF4B-00C04F79EFBC}") = "GeneX.Security.Test", "GeneX.Security.Test\GeneX.Security.Test.csproj", "{3F94D34B-8C73-4A8F-B72D-DF5EE956B6B7}"
EndProject
Global
	GlobalSection(SolutionConfigurationPlatforms) = preSolution
		Debug|Any CPU = Debug|Any CPU
		Development|Any CPU = Development|Any CPU
		Production|Any CPU = Production|Any CPU
		Release|Any CPU = Release|Any CPU
	EndGlobalSection
	GlobalSection(ProjectConfigurationPlatforms) = postSolution
		{7E364229-0EED-4873-8BA8-963F18A280FD}.Debug|Any CPU.ActiveCfg = Development|Any CPU
		{7E364229-0EED-4873-8BA8-963F18A280FD}.Debug|Any CPU.Build.0 = Development|Any CPU
		{7E364229-0EED-4873-8BA8-963F18A280FD}.Development|Any CPU.ActiveCfg = Development|Any CPU
		{7E364229-0EED-4873-8BA8-963F18A280FD}.Development|Any CPU.Build.0 = Development|Any CPU
		{7E364229-0EED-4873-8BA8-963F18A280FD}.Production|Any CPU.ActiveCfg = Production|Any CPU
		{7E364229-0EED-4873-8BA8-963F18A280FD}.Production|Any CPU.Build.0 = Production|Any CPU
		{7E364229-0EED-4873-8BA8-963F18A280FD}.Release|Any CPU.ActiveCfg = Development|Any CPU
		{7E364229-0EED-4873-8BA8-963F18A280FD}.Release|Any CPU.Build.0 = Development|Any CPU
		{3F94D34B-8C73-4A8F-B72D-DF5EE956B6B7}.Debug|Any CPU.ActiveCfg = Development|Any CPU
		{3F94D34B-8C73-4A8F-B72D-DF5EE956B6B7}.Debug|Any CPU.Build.0 = Development|Any CPU
		{3F94D34B-8C73-4A8F-B72D-DF5EE956B6B7}.Development|Any CPU.ActiveCfg = Development|Any CPU
		{3F94D34B-8C73-4A8F-B72D-DF5EE956B6B7}.Development|Any CPU.Build.0 = Development|Any CPU
		{3F94D34B-8C73-4A8F-B72D-DF5EE956B6B7}.Production|Any CPU.ActiveCfg = Production|Any CPU
		{3F94D34B-8C73-4A8F-B72D-DF5EE956B6B7}.Production|Any CPU.Build.0 = Production|Any CPU
		{3F94D34B-8C73-4A8F-B72D-DF5EE956B6B7}.Release|Any CPU.ActiveCfg = Production|Any CPU
		{3F94D34B-8C73-4A8F-B72D-DF5EE956B6B7}.Release|Any CPU.Build.0 = Production|Any CPU
	EndGlobalSection
	GlobalSection(SolutionProperties) = preSolution
		HideSolutionNode = FALSE
	EndGlobalSection
EndGlobal
